// !$*UTF8*$!
{
	archiveVersion = 1;
	classes = {
	};
	objectVersion = 46;
	objects = {

/* Begin PBXBuildFile section */
		616F60B11F4055EA00B753D7 /* main.m in Sources */ = {isa = PBXBuildFile; fileRef = 616F60B01F4055EA00B753D7 /* main.m */; };
		616F60B41F4055EA00B753D7 /* AppDelegate.m in Sources */ = {isa = PBXBuildFile; fileRef = 616F60B31F4055EA00B753D7 /* AppDelegate.m */; };
		616F60BA1F4055EA00B753D7 /* Main.storyboard in Resources */ = {isa = PBXBuildFile; fileRef = 616F60B81F4055EA00B753D7 /* Main.storyboard */; };
		616F60BC1F4055EA00B753D7 /* Assets.xcassets in Resources */ = {isa = PBXBuildFile; fileRef = 616F60BB1F4055EA00B753D7 /* Assets.xcassets */; };
		616F60BF1F4055EA00B753D7 /* LaunchScreen.storyboard in Resources */ = {isa = PBXBuildFile; fileRef = 616F60BD1F4055EA00B753D7 /* LaunchScreen.storyboard */; };
		616F60C81F40562600B753D7 /* FirstTableViewController.m in Sources */ = {isa = PBXBuildFile; fileRef = 616F60C71F40562600B753D7 /* FirstTableViewController.m */; };
/* End PBXBuildFile section */

/* Begin PBXFileReference section */
		616F60AC1F4055EA00B753D7 /* 实验原型cell.app */ = {isa = PBXFileReference; explicitFileType = wrapper.application; includeInIndex = 0; path = "实验原型cell.app"; sourceTree = BUILT_PRODUCTS_DIR; };
		616F60B01F4055EA00B753D7 /* main.m */ = {isa = PBXFileReference; lastKnownFileType = sourcecode.c.objc; path = main.m; sourceTree = "<group>"; };
		616F60B21F4055EA00B753D7 /* AppDelegate.h */ = {isa = PBXFileReference; lastKnownFileType = sourcecode.c.h; path = AppDelegate.h; sourceTree = "<group>"; };
		616F60B31F4055EA00B753D7 /* AppDelegate.m */ = {isa = PBXFileReference; lastKnownFileType = sourcecode.c.objc; path = AppDelegate.m; sourceTree = "<group>"; };
		616F60B91F4055EA00B753D7 /* Base */ = {isa = PBXFileReference; lastKnownFileType = file.storyboard; name = Base; path = Base.lproj/Main.storyboard; sourceTree = "<group>"; };
		616F60BB1F4055EA00B753D7 /* Assets.xcassets */ = {isa = PBXFileReference; lastKnownFileType = folder.assetcatalog; path = Assets.xcassets; sourceTree = "<group>"; };
		616F60BE1F4055EA00B753D7 /* Base */ = {isa = PBXFileReference; lastKnownFileType = file.storyboard; name = Base; path = Base.lproj/LaunchScreen.storyboard; sourceTree = "<group>"; };
		616F60C01F4055EA00B753D7 /* Info.plist */ = {isa = PBXFileReference; lastKnownFileType = text.plist.xml; path = Info.plist; sourceTree = "<group>"; };
		616F60C61F40562600B753D7 /* FirstTableViewController.h */ = {isa = PBXFileReference; fileEncoding = 4; lastKnownFileType = sourcecode.c.h; path = FirstTableViewController.h; sourceTree = "<group>"; };
		616F60C71F40562600B753D7 /* FirstTableViewController.m */ = {isa = PBXFileReference; fileEncoding = 4; lastKnownFileType = sourcecode.c.objc; path = FirstTableViewController.m; sourceTree = "<group>"; };
/* End PBXFileReference section */

/* Begin PBXFrameworksBuildPhase section */
		616F60A91F4055EA00B753D7 /* Frameworks */ = {
			isa = PBXFrameworksBuildPhase;
			buildActionMask = 2147483647;
			files = (
			);
			runOnlyForDeploymentPostprocessing = 0;
		};
/* End PBXFrameworksBuildPhase section */

/* Begin PBXGroup section */
		616F60A31F4055EA00B753D7 = {
			isa = PBXGroup;
			children = (
				616F60AE1F4055EA00B753D7 /* 实验原型cell */,
				616F60AD1F4055EA00B753D7 /* Products */,
			);
			sourceTree = "<group>";
		};
		616F60AD1F4055EA00B753D7 /* Products */ = {
			isa = PBXGroup;
			children = (
				616F60AC1F4055EA00B753D7 /* 实验原型cell.app */,
			);
			name = Products;
			sourceTree = "<group>";
		};
		616F60AE1F4055EA00B753D7 /* 实验原型cell */ = {
			isa = PBXGroup;
			children = (
				616F60B21F4055EA00B753D7 /* AppDelegate.h */,
				616F60B31F4055EA00B753D7 /* AppDelegate.m */,
				616F60C61F40562600B753D7 /* FirstTableViewController.h */,
				616F60C71F40562600B753D7 /* FirstTableViewController.m */,
				616F60B81F4055EA00B753D7 /* Main.storyboard */,
				616F60BB1F4055EA00B753D7 /* Assets.xcassets */,
				616F60BD1F4055EA00B753D7 /* LaunchScreen.storyboard */,
				616F60C01F4055EA00B753D7 /* Info.plist */,
				616F60AF1F4055EA00B753D7 /* Supporting Files */,
			);
			path = "实验原型cell";
			sourceTree = "<group>";
		};
		616F60AF1F4055EA00B753D7 /* Supporting Files */ = {
			isa = PBXGroup;
			children = (
				616F60B01F4055EA00B753D7 /* main.m */,
			);
			name = "Supporting Files";
			sourceTree = "<group>";
		};
/* End PBXGroup section */

/* Begin PBXNativeTarget section */
		616F60AB1F4055EA00B753D7 /* 实验原型cell */ = {
			isa = PBXNativeTarget;
			buildConfigurationList = 616F60C31F4055EA00B753D7 /* Build configuration list for PBXNativeTarget "实验原型cell" */;
			buildPhases = (
				616F60A81F4055EA00B753D7 /* Sources */,
				616F60A91F4055EA00B753D7 /* Frameworks */,
				616F60AA1F4055EA00B753D7 /* Resources */,
			);
			buildRules = (
			);
			dependencies = (
			);
			name = "实验原型cell";
			productName = "实验原型cell";
			productReference = 616F60AC1F4055EA00B753D7 /* 实验原型cell.app */;
			productType = "com.apple.product-type.application";
		};
/* End PBXNativeTarget section */

/* Begin PBXProject section */
		616F60A41F4055EA00B753D7 /* Project object */ = {
			isa = PBXProject;
			attributes = {
				LastUpgradeCheck = 0800;
				ORGANIZATIONNAME = itcast;
				TargetAttributes = {
					616F60AB1F4055EA00B753D7 = {
						CreatedOnToolsVersion = 8.0;
						DevelopmentTeam = 69356RS9K8;
						ProvisioningStyle = Automatic;
					};
				};
			};
			buildConfigurationList = 616F60A71F4055EA00B753D7 /* Build configuration list for PBXProject "实验原型cell" */;
			compatibilityVersion = "Xcode 3.2";
			developmentRegion = English;
			hasScannedForEncodings = 0;
			knownRegions = (
				en,
				Base,
			);
			mainGroup = 616F60A31F4055EA00B753D7;
			productRefGroup = 616F60AD1F4055EA00B753D7 /* Products */;
			projectDirPath = "";
			projectRoot = "";
			targets = (
				616F60AB1F4055EA00B753D7 /* 实验原型cell */,
			);
		};
/* End PBXProject section */

/* Begin PBXResourcesBuildPhase section */
		616F60AA1F4055EA00B753D7 /* Resources */ = {
			isa = PBXResourcesBuildPhase;
			buildActionMask = 2147483647;
			files = (
				616F60BF1F4055EA00B753D7 /* LaunchScreen.storyboard in Resources */,
				616F60BC1F4055EA00B753D7 /* Assets.xcassets in Resources */,
				616F60BA1F4055EA00B753D7 /* Main.storyboard in Resources */,
			);
			runOnlyForDeploymentPostprocessing = 0;
		};
/* End PBXResourcesBuildPhase section */

/* Begin PBXSourcesBuildPhase section */
		616F60A81F4055EA00B753D7 /* Sources */ = {
			isa = PBXSourcesBuildPhase;
			buildActionMask = 2147483647;
			files = (
				616F60B41F4055EA00B753D7 /* AppDelegate.m in Sources */,
				616F60B11F4055EA00B753D7 /* main.m in Sources */,
				616F60C81F40562600B753D7 /* FirstTableViewController.m in Sources */,
			);
			runOnlyForDeploymentPostprocessing = 0;
		};
/* End PBXSourcesBuildPhase section */

/* Begin PBXVariantGroup section */
		616F60B81F4055EA00B753D7 /* Main.storyboard */ = {
			isa = PBXVariantGroup;
			children = (
				616F60B91F4055EA00B753D7 /* Base */,
			);
			name = Main.storyboard;
			sourceTree = "<group>";
		};
		616F60BD1F4055EA00B753D7 /* LaunchScreen.storyboard */ = {
			isa = PBXVariantGroup;
			children = (
				616F60BE1F4055EA00B753D7 /* Base */,
			);
			name = LaunchScreen.storyboard;
			sourceTree = "<group>";
		};
/* End PBXVariantGroup section */

/* Begin XCBuildConfiguration section */
		616F60C11F4055EA00B753D7 /* Debug */ = {
			isa = XCBuildConfiguration;
			buildSettings = {
				ALWAYS_SEARCH_USER_PATHS = NO;
				CLANG_ANALYZER_NONNULL = YES;
				CLANG_CXX_LANGUAGE_STANDARD = "gnu++0x";
				CLANG_CXX_LIBRARY = "libc++";
				CLANG_ENABLE_MODULES = YES;
				CLANG_ENABLE_OBJC_ARC = YES;
				CLANG_WARN_BOOL_CONVERSION = YES;
				CLANG_WARN_CONSTANT_CONVERSION = YES;
				CLANG_WARN_DIRECT_OBJC_ISA_USAGE = YES_ERROR;
				CLANG_WARN_DOCUMENTATION_COMMENTS = YES;
				CLANG_WARN_EMPTY_BODY = YES;
				CLANG_WARN_ENUM_CONVERSION = YES;
				CLANG_WARN_INFINITE_RECURSION = YES;
				CLANG_WARN_INT_CONVERSION = YES;
				CLANG_WARN_OBJC_ROOT_CLASS = YES_ERROR;
				CLANG_WARN_SUSPICIOUS_MOVES = YES;
				CLANG_WARN_UNREACHABLE_CODE = YES;
				CLANG_WARN__DUPLICATE_METHOD_MATCH = YES;
				"CODE_SIGN_IDENTITY[sdk=iphoneos*]" = "iPhone Developer";
				COPY_PHASE_STRIP = NO;
				DEBUG_INFORMATION_FORMAT = dwarf;
				ENABLE_STRICT_OBJC_MSGSEND = YES;
				ENABLE_TESTABILITY = YES;
				GCC_C_LANGUAGE_STANDARD = gnu99;
				GCC_DYNAMIC_NO_PIC = NO;
				GCC_NO_COMMON_BLOCKS = YES;
				GCC_OPTIMIZATION_LEVEL = 0;
				GCC_PREPROCESSOR_DEFINITIONS = (
					"DEBUG=1",
					"$(inherited)",
				);
				GCC_WARN_64_TO_32_BIT_CONVERSION = YES;
				GCC_WARN_ABOUT_RETURN_TYPE = YES_ERROR;
				GCC_WARN_UNDECLARED_SELECTOR = YES;
				GCC_WARN_UNINITIALIZED_AUTOS = YES_AGGRESSIVE;
				GCC_WARN_UNUSED_FUNCTION = YES;
				GCC_WARN_UNUSED_VARIABLE = YES;
				IPHONEOS_DEPLOYMENT_TARGET = 10.0;
				MTL_ENABLE_DEBUG_INFO = YES;
				ONLY_ACTIVE_ARCH = YES;
				SDKROOT = iphoneos;
			};
			name = Debug;
		};
		616F60C21F4055EA00B753D7 /* Release */ = {
			isa = XCBuildConfiguration;
			buildSettings = {
				ALWAYS_SEARCH_USER_PATHS = NO;
				CLANG_ANALYZER_NONNULL = YES;
				CLANG_CXX_LANGUAGE_STANDARD = "gnu++0x";
				CLANG_CXX_LIBRARY = "libc++";
				CLANG_ENABLE_MODULES = YES;
				CLANG_ENABLE_OBJC_ARC = YES;
				CLANG_WARN_BOOL_CONVERSION = YES;
				CLANG_WARN_CONSTANT_CONVERSION = YES;
				CLANG_WARN_DIRECT_OBJC_ISA_USAGE = YES_ERROR;
				CLANG_WARN_DOCUMENTATION_COMMENTS = YES;
				CLANG_WARN_EMPTY_BODY = YES;
				CLANG_WARN_ENUM_CONVERSION = YES;
				CLANG_WARN_INFINITE_RECURSION = YES;
				CLANG_WARN_INT_CONVERSION = YES;
				CLANG_WARN_OBJC_ROOT_CLASS = YES_ERROR;
				CLANG_WARN_SUSPICIOUS_MOVES = YES;
				CLANG_WARN_UNREACHABLE_CODE = YES;
				CLANG_WARN__DUPLICATE_METHOD_MATCH = YES;
				"CODE_SIGN_IDENTITY[sdk=iphoneos*]" = "iPhone Developer";
				COPY_PHASE_STRIP = NO;
				DEBUG_INFORMATION_FORMAT = "dwarf-with-dsym";
				ENABLE_NS_ASSERTIONS = NO;
				ENABLE_STRICT_OBJC_MSGSEND = YES;
				GCC_C_LANGUAGE_STANDARD = gnu99;
				GCC_NO_COMMON_BLOCKS = YES;
				GCC_WARN_64_TO_32_BIT_CONVERSION = YES;
				GCC_WARN_ABOUT_RETURN_TYPE = YES_ERROR;
				GCC_WARN_UNDECLARED_SELECTOR = YES;
				GCC_WARN_UNINITIALIZED_AUTOS = YES_AGGRESSIVE;
				GCC_WARN_UNUSED_FUNCTION = YES;
				GCC_WARN_UNUSED_VARIABLE = YES;
				IPHONEOS_DEPLOYMENT_TARGET = 10.0;
				MTL_ENABLE_DEBUG_INFO = NO;
				SDKROOT = iphoneos;
				VALIDATE_PRODUCT = YES;
			};
			name = Release;
		};
		616F60C41F4055EA00B753D7 /* Debug */ = {
			isa = XCBuildConfiguration;
			buildSettings = {
				ASSETCATALOG_COMPILER_APPICON_NAME = AppIcon;
				DEVELOPMENT_TEAM = 69356RS9K8;
				INFOPLIST_FILE = "实验原型cell/Info.plist";
				LD_RUNPATH_SEARCH_PATHS = "$(inherited) @executable_path/Frameworks";
				PRODUCT_BUNDLE_IDENTIFIER = "com.itcast.----cell";
				PRODUCT_NAME = "$(TARGET_NAME)";
			};
			name = Debug;
		};
		616F60C51F4055EA00B753D7 /* Release */ = {
			isa = XCBuildConfiguration;
			buildSettings = {
				ASSETCATALOG_COMPILER_APPICON_NAME = AppIcon;
				DEVELOPMENT_TEAM = 69356RS9K8;
				INFOPLIST_FILE = "实验原型cell/Info.plist";
				LD_RUNPATH_SEARCH_PATHS = "$(inherited) @executable_path/Frameworks";
				PRODUCT_BUNDLE_IDENTIFIER = "com.itcast.----cell";
				PRODUCT_NAME = "$(TARGET_NAME)";
			};
			name = Release;
		};
/* End XCBuildConfiguration section */

/* Begin XCConfigurationList section */
		616F60A71F4055EA00B753D7 /* Build configuration list for PBXProject "实验原型cell" */ = {
			isa = XCConfigurationList;
			buildConfigurations = (
				616F60C11F4055EA00B753D7 /* Debug */,
				616F60C21F4055EA00B753D7 /* Release */,
			);
			defaultConfigurationIsVisible = 0;
			defaultConfigurationName = Release;
		};
		616F60C31F4055EA00B753D7 /* Build configuration list for PBXNativeTarget "实验原型cell" */ = {
			isa = XCConfigurationList;
			buildConfigurations = (
				616F60C41F4055EA00B753D7 /* Debug */,
				616F60C51F4055EA00B753D7 /* Release */,
			);
			defaultConfigurationIsVisible = 0;
		};
/* End XCConfigurationList section */
	};
	rootObject = 616F60A41F4055EA00B753D7 /* Project object */;
}
